
Microsoft Visual Studio Solution File, Format Version 12.00
# Visual Studio 15
VisualStudioVersion = 15.0.27428.2015
MinimumVisualStudioVersion = 10.0.40219.1
Project("{FAE04EC0-301F-11D3-BF4B-00C04F79EFBC}") = "BibleMVC", "BibleMVC\BibleMVC.csproj", "{8EDCF2AE-8FDA-4634-B8BD-D01E11218693}"
EndProject
Global
	GlobalSection(SolutionConfigurationPlatforms) = preSolution
		Debug|Any CPU = Debug|Any CPU
		Release|Any CPU = Release|Any CPU
	EndGlobalSection
	GlobalSection(ProjectConfigurationPlatforms) = postSolution
		{8EDCF2AE-8FDA-4634-B8BD-D01E11218693}.Debug|Any CPU.ActiveCfg = Debug|Any CPU
		{8EDCF2AE-8FDA-4634-B8BD-D01E11218693}.Debug|Any CPU.Build.0 = Debug|Any CPU
		{8EDCF2AE-8FDA-4634-B8BD-D01E11218693}.Release|Any CPU.ActiveCfg = Release|Any CPU
		{8EDCF2AE-8FDA-4634-B8BD-D01E11218693}.Release|Any CPU.Build.0 = Release|Any CPU
	EndGlobalSection
	GlobalSection(SolutionProperties) = preSolution
		HideSolutionNode = FALSE
	EndGlobalSection
	GlobalSection(ExtensibilityGlobals) = postSolution
		SolutionGuid = {FB9FE319-CE81-4F05-BF08-FB3F2B63674B}
	EndGlobalSection
EndGlobal
